
Microsoft Visual Studio Solution File, Format Version 12.00
# Visual Studio Version 17
VisualStudioVersion = 17.12.35527.113 d17.12
MinimumVisualStudioVersion = 10.0.40219.1
Project("{FAE04EC0-301F-11D3-BF4B-00C04F79EFBC}") = "MyPortfolio", "MyPortfolio\MyPortfolio.csproj", "{130E2503-F85B-4F1A-8B4E-1C00980E9F40}"
EndProject
Global
	GlobalSection(SolutionConfigurationPlatforms) = preSolution
		Debug|Any CPU = Debug|Any CPU
		Release|Any CPU = Release|Any CPU
	EndGlobalSection
	GlobalSection(ProjectConfigurationPlatforms) = postSolution
		{130E2503-F85B-4F1A-8B4E-1C00980E9F40}.Debug|Any CPU.ActiveCfg = Debug|Any CPU
		{130E2503-F85B-4F1A-8B4E-1C00980E9F40}.Debug|Any CPU.Build.0 = Debug|Any CPU
		{130E2503-F85B-4F1A-8B4E-1C00980E9F40}.Release|Any CPU.ActiveCfg = Release|Any CPU
		{130E2503-F85B-4F1A-8B4E-1C00980E9F40}.Release|Any CPU.Build.0 = Release|Any CPU
	EndGlobalSection
	GlobalSection(SolutionProperties) = preSolution
		HideSolutionNode = FALSE
	EndGlobalSection
EndGlobal
